// !$*UTF8*$!
{
	archiveVersion = 1;
	classes = {
	};
	objectVersion = 77;
	objects = {

/* Begin PBXBuildFile section */
		08DD2E9615AB1ED0D0F93F2B /* DayZeroWidget.swift in Sources */ = {isa = PBXBuildFile; fileRef = 2E8EBCF11F9009E9C095CF64 /* DayZeroWidget.swift */; };
		0F7C5D879FEFC3DB58AAEEEF /* EventTask.swift in Sources */ = {isa = PBXBuildFile; fileRef = F4E5AAF37A51042891163D7D /* EventTask.swift */; };
		10D8429B74C426C2CF9F8260 /* Store.storekit in Resources */ = {isa = PBXBuildFile; fileRef = 2F50FBC5F592A73EC268C11A /* Store.storekit */; };
		14CFCA84BC873E9637CDE653 /* StoreKitManager.swift in Sources */ = {isa = PBXBuildFile; fileRef = 3A968BB88CEE25FE2399C17A /* StoreKitManager.swift */; };
		35B6A60486D7B49DD6E55572 /* GlassmorphicEffect.swift in Sources */ = {isa = PBXBuildFile; fileRef = DB6BED4CE29F55AB7B4DFF14 /* GlassmorphicEffect.swift */; };
		3954783FCCA3122AFFB1DE8A /* DayEvent.swift in Sources */ = {isa = PBXBuildFile; fileRef = A563AA9616B77E0CD48B632C /* DayEvent.swift */; };
		4597F257394D7102CDE9D62D /* Theme.swift in Sources */ = {isa = PBXBuildFile; fileRef = D9C370B470754A42AC4CD304 /* Theme.swift */; };
		51506BA089F696C1BB2B3D55 /* Theme.swift in Sources */ = {isa = PBXBuildFile; fileRef = D9C370B470754A42AC4CD304 /* Theme.swift */; };
		5F4F6A2602C97105D56F02B7 /* DayZeroAttributes.swift in Sources */ = {isa = PBXBuildFile; fileRef = 51E9E84D5F366EBEB4AE1831 /* DayZeroAttributes.swift */; };
		6818C9C2BD31C563E4DF57DF /* Assets.xcassets in Resources */ = {isa = PBXBuildFile; fileRef = 8E0BF7D0692FC482B395B5AE /* Assets.xcassets */; };
		84E9CD2F6ED77907C8C07717 /* DayZeroWidget.appex in Embed Foundation Extensions */ = {isa = PBXBuildFile; fileRef = ED9EC3436E3351B57BAEC254 /* DayZeroWidget.appex */; settings = {ATTRIBUTES = (RemoveHeadersOnCopy, ); }; };
		8570406A8FB3FB36D53B1280 /* DayZero.xcodeproj in Resources */ = {isa = PBXBuildFile; fileRef = BEF9C040CAD5A738DCAD9360 /* DayZero.xcodeproj */; };
		85BEE5DA3B7D7DEE6CD21E47 /* ShareHelper.swift in Sources */ = {isa = PBXBuildFile; fileRef = 1D4AF17F0191AAEA080D9FD2 /* ShareHelper.swift */; };
		8E0F57544AA66F58834EAA4F /* AntigravityStyles.swift in Sources */ = {isa = PBXBuildFile; fileRef = EF4999E1268C9575E893391E /* AntigravityStyles.swift */; };
		9610AADA84F029A71650D07C /* AddEventSheet.swift in Sources */ = {isa = PBXBuildFile; fileRef = 2F5EE915EA2ED58231BEB628 /* AddEventSheet.swift */; };
		AD00BD990F4B8A182AA5A98C /* MediaManager.swift in Sources */ = {isa = PBXBuildFile; fileRef = 8FEBA55A737F8E7C2E37B438 /* MediaManager.swift */; };
		B5344F35F683131504D0A12D /* DayEvent.swift in Sources */ = {isa = PBXBuildFile; fileRef = A563AA9616B77E0CD48B632C /* DayEvent.swift */; };
		B77EBF976CF759403AFCC57B /* DayZeroAttributes.swift in Sources */ = {isa = PBXBuildFile; fileRef = 51E9E84D5F366EBEB4AE1831 /* DayZeroAttributes.swift */; };
		C74023A9EFD38E9A17EA59F6 /* ContentView.swift in Sources */ = {isa = PBXBuildFile; fileRef = 32682768DCBD6AC8C5BF9C65 /* ContentView.swift */; };
		C7B4A9C55F3B3863EEC2B01F /* DayZeroApp.swift in Sources */ = {isa = PBXBuildFile; fileRef = 2F9737A7077673170F664C1D /* DayZeroApp.swift */; };
		D0FD08D869169DD307FCE8AC /* PaywallView.swift in Sources */ = {isa = PBXBuildFile; fileRef = F87BDD5AFAF4C625D9931959 /* PaywallView.swift */; };
		D4EEC0A11ADADD02A4B31D0F /* EventTask.swift in Sources */ = {isa = PBXBuildFile; fileRef = F4E5AAF37A51042891163D7D /* EventTask.swift */; };
		DF3DFD1C062B228D16A3C455 /* EventDetailView.swift in Sources */ = {isa = PBXBuildFile; fileRef = 829F518630EFCD6CCF45E7D5 /* EventDetailView.swift */; };
		E45A69E8EB3E7F6C10D09EAE /* EventCardView.swift in Sources */ = {isa = PBXBuildFile; fileRef = DC340D9802CC0FFFBEAF297D /* EventCardView.swift */; };
		E5BFFDBB109FECA0EF8DB302 /* CameraPicker.swift in Sources */ = {isa = PBXBuildFile; fileRef = D0070921CC15EBD7FFDCE68B /* CameraPicker.swift */; };
		F050A46BBB46582C30789E54 /* AgenticNotificationManager.swift in Sources */ = {isa = PBXBuildFile; fileRef = 3772DFA316D7534FDE83090A /* AgenticNotificationManager.swift */; };
		FAE4FDB60D211977E6639846 /* LiveActivityManager.swift in Sources */ = {isa = PBXBuildFile; fileRef = E2A51C14C3F3F9DB1581A6EE /* LiveActivityManager.swift */; };
/* End PBXBuildFile section */

/* Begin PBXContainerItemProxy section */
		13332959AA5C0A0D27CCDC8A /* PBXContainerItemProxy */ = {
			isa = PBXContainerItemProxy;
			containerPortal = F4299FB4799A821DD5541967 /* Project object */;
			proxyType = 1;
			remoteGlobalIDString = 185B9BD1F8BB087C1B328B8A;
			remoteInfo = DayZeroWidget;
		};
/* End PBXContainerItemProxy section */

/* Begin PBXCopyFilesBuildPhase section */
		1EDF83088557350384E20113 /* Embed Foundation Extensions */ = {
			isa = PBXCopyFilesBuildPhase;
			buildActionMask = 2147483647;
			dstPath = "";
			dstSubfolderSpec = 13;
			files = (
				84E9CD2F6ED77907C8C07717 /* DayZeroWidget.appex in Embed Foundation Extensions */,
			);
			name = "Embed Foundation Extensions";
			runOnlyForDeploymentPostprocessing = 0;
		};
/* End PBXCopyFilesBuildPhase section */

/* Begin PBXFileReference section */
		1D4AF17F0191AAEA080D9FD2 /* ShareHelper.swift */ = {isa = PBXFileReference; lastKnownFileType = sourcecode.swift; path = ShareHelper.swift; sourceTree = "<group>"; };
		23CA9EAAA7B43E35E2C27EEE /* Info.plist */ = {isa = PBXFileReference; lastKnownFileType = text.plist; path = Info.plist; sourceTree = "<group>"; };
		2E8EBCF11F9009E9C095CF64 /* DayZeroWidget.swift */ = {isa = PBXFileReference; lastKnownFileType = sourcecode.swift; path = DayZeroWidget.swift; sourceTree = "<group>"; };
		2F50FBC5F592A73EC268C11A /* Store.storekit */ = {isa = PBXFileReference; lastKnownFileType = text; path = Store.storekit; sourceTree = "<group>"; };
		2F5EE915EA2ED58231BEB628 /* AddEventSheet.swift */ = {isa = PBXFileReference; lastKnownFileType = sourcecode.swift; path = AddEventSheet.swift; sourceTree = "<group>"; };
		2F9737A7077673170F664C1D /* DayZeroApp.swift */ = {isa = PBXFileReference; lastKnownFileType = sourcecode.swift; path = DayZeroApp.swift; sourceTree = "<group>"; };
		32682768DCBD6AC8C5BF9C65 /* ContentView.swift */ = {isa = PBXFileReference; lastKnownFileType = sourcecode.swift; path = ContentView.swift; sourceTree = "<group>"; };
		3772DFA316D7534FDE83090A /* AgenticNotificationManager.swift */ = {isa = PBXFileReference; lastKnownFileType = sourcecode.swift; path = AgenticNotificationManager.swift; sourceTree = "<group>"; };
		3A968BB88CEE25FE2399C17A /* StoreKitManager.swift */ = {isa = PBXFileReference; lastKnownFileType = sourcecode.swift; path = StoreKitManager.swift; sourceTree = "<group>"; };
		51E9E84D5F366EBEB4AE1831 /* DayZeroAttributes.swift */ = {isa = PBXFileReference; lastKnownFileType = sourcecode.swift; path = DayZeroAttributes.swift; sourceTree = "<group>"; };
		5BB8D5E8C7B988D5BE1F7312 /* Info.plist */ = {isa = PBXFileReference; lastKnownFileType = text.plist; path = Info.plist; sourceTree = "<group>"; };
		5C37FC7DE44DBB6A88455E50 /* DayZero.app */ = {isa = PBXFileReference; includeInIndex = 0; lastKnownFileType = wrapper.application; path = DayZero.app; sourceTree = BUILT_PRODUCTS_DIR; };
		829F518630EFCD6CCF45E7D5 /* EventDetailView.swift */ = {isa = PBXFileReference; lastKnownFileType = sourcecode.swift; path = EventDetailView.swift; sourceTree = "<group>"; };
		8E0BF7D0692FC482B395B5AE /* Assets.xcassets */ = {isa = PBXFileReference; lastKnownFileType = folder.assetcatalog; path = Assets.xcassets; sourceTree = "<group>"; };
		8FEBA55A737F8E7C2E37B438 /* MediaManager.swift */ = {isa = PBXFileReference; lastKnownFileType = sourcecode.swift; path = MediaManager.swift; sourceTree = "<group>"; };
		A563AA9616B77E0CD48B632C /* DayEvent.swift */ = {isa = PBXFileReference; lastKnownFileType = sourcecode.swift; path = DayEvent.swift; sourceTree = "<group>"; };
		B723C8DDB91197EF9D133D7B /* DayZero.entitlements */ = {isa = PBXFileReference; lastKnownFileType = text.plist.entitlements; path = DayZero.entitlements; sourceTree = "<group>"; };
		BEF9C040CAD5A738DCAD9360 /* DayZero.xcodeproj */ = {isa = PBXFileReference; lastKnownFileType = "wrapper.pb-project"; path = DayZero.xcodeproj; sourceTree = "<group>"; };
		D0070921CC15EBD7FFDCE68B /* CameraPicker.swift */ = {isa = PBXFileReference; lastKnownFileType = sourcecode.swift; path = CameraPicker.swift; sourceTree = "<group>"; };
		D9C370B470754A42AC4CD304 /* Theme.swift */ = {isa = PBXFileReference; lastKnownFileType = sourcecode.swift; path = Theme.swift; sourceTree = "<group>"; };
		DB6BED4CE29F55AB7B4DFF14 /* GlassmorphicEffect.swift */ = {isa = PBXFileReference; lastKnownFileType = sourcecode.swift; path = GlassmorphicEffect.swift; sourceTree = "<group>"; };
		DC340D9802CC0FFFBEAF297D /* EventCardView.swift */ = {isa = PBXFileReference; lastKnownFileType = sourcecode.swift; path = EventCardView.swift; sourceTree = "<group>"; };
		E2A51C14C3F3F9DB1581A6EE /* LiveActivityManager.swift */ = {isa = PBXFileReference; lastKnownFileType = sourcecode.swift; path = LiveActivityManager.swift; sourceTree = "<group>"; };
		EB3A6EECAEB7CA8B3A35A99F /* DayZeroWidget.entitlements */ = {isa = PBXFileReference; lastKnownFileType = text.plist.entitlements; path = DayZeroWidget.entitlements; sourceTree = "<group>"; };
		ED9EC3436E3351B57BAEC254 /* DayZeroWidget.appex */ = {isa = PBXFileReference; includeInIndex = 0; lastKnownFileType = "wrapper.app-extension"; path = DayZeroWidget.appex; sourceTree = BUILT_PRODUCTS_DIR; };
		EF4999E1268C9575E893391E /* AntigravityStyles.swift */ = {isa = PBXFileReference; lastKnownFileType = sourcecode.swift; path = AntigravityStyles.swift; sourceTree = "<group>"; };
		F4E5AAF37A51042891163D7D /* EventTask.swift */ = {isa = PBXFileReference; lastKnownFileType = sourcecode.swift; path = EventTask.swift; sourceTree = "<group>"; };
		F87BDD5AFAF4C625D9931959 /* PaywallView.swift */ = {isa = PBXFileReference; lastKnownFileType = sourcecode.swift; path = PaywallView.swift; sourceTree = "<group>"; };
/* End PBXFileReference section */

/* Begin PBXGroup section */
		0774C7FF66D7EE301EBE479E = {
			isa = PBXGroup;
			children = (
				5E7B224F6F408F9E13873C8E /* DayZero */,
				E59AB99F8C14D5232E1BB646 /* DayZeroWidget */,
				4838FB668FA88412A27B861F /* Managers */,
				34D7900065D648E38ACEB75A /* Models */,
				8C1B95CDF3F0003561B5E20F /* Views */,
				E93BA581781C8F6052B4FC3C /* Products */,
			);
			sourceTree = "<group>";
		};
		34D7900065D648E38ACEB75A /* Models */ = {
			isa = PBXGroup;
			children = (
				A563AA9616B77E0CD48B632C /* DayEvent.swift */,
				51E9E84D5F366EBEB4AE1831 /* DayZeroAttributes.swift */,
				F4E5AAF37A51042891163D7D /* EventTask.swift */,
				D9C370B470754A42AC4CD304 /* Theme.swift */,
			);
			path = Models;
			sourceTree = "<group>";
		};
		4179133D2FAEA4E10094486E /* Products */ = {
			isa = PBXGroup;
			name = Products;
			sourceTree = "<group>";
		};
		4838FB668FA88412A27B861F /* Managers */ = {
			isa = PBXGroup;
			children = (
				3772DFA316D7534FDE83090A /* AgenticNotificationManager.swift */,
			);
			path = Managers;
			sourceTree = "<group>";
		};
		5E7B224F6F408F9E13873C8E /* DayZero */ = {
			isa = PBXGroup;
			children = (
				8E0BF7D0692FC482B395B5AE /* Assets.xcassets */,
				32682768DCBD6AC8C5BF9C65 /* ContentView.swift */,
				B723C8DDB91197EF9D133D7B /* DayZero.entitlements */,
				BEF9C040CAD5A738DCAD9360 /* DayZero.xcodeproj */,
				2F9737A7077673170F664C1D /* DayZeroApp.swift */,
				23CA9EAAA7B43E35E2C27EEE /* Info.plist */,
				E2A51C14C3F3F9DB1581A6EE /* LiveActivityManager.swift */,
				8FEBA55A737F8E7C2E37B438 /* MediaManager.swift */,
				1D4AF17F0191AAEA080D9FD2 /* ShareHelper.swift */,
				2F50FBC5F592A73EC268C11A /* Store.storekit */,
				3A968BB88CEE25FE2399C17A /* StoreKitManager.swift */,
			);
			name = DayZero;
			path = .;
			sourceTree = "<group>";
		};
		8C1B95CDF3F0003561B5E20F /* Views */ = {
			isa = PBXGroup;
			children = (
				2F5EE915EA2ED58231BEB628 /* AddEventSheet.swift */,
				D0070921CC15EBD7FFDCE68B /* CameraPicker.swift */,
				DC340D9802CC0FFFBEAF297D /* EventCardView.swift */,
				829F518630EFCD6CCF45E7D5 /* EventDetailView.swift */,
				F87BDD5AFAF4C625D9931959 /* PaywallView.swift */,
				A42A1CEEAFA0C9FDE217E1A1 /* Components */,
			);
			path = Views;
			sourceTree = "<group>";
		};
		A42A1CEEAFA0C9FDE217E1A1 /* Components */ = {
			isa = PBXGroup;
			children = (
				EF4999E1268C9575E893391E /* AntigravityStyles.swift */,
				DB6BED4CE29F55AB7B4DFF14 /* GlassmorphicEffect.swift */,
			);
			path = Components;
			sourceTree = "<group>";
		};
		E59AB99F8C14D5232E1BB646 /* DayZeroWidget */ = {
			isa = PBXGroup;
			children = (
				EB3A6EECAEB7CA8B3A35A99F /* DayZeroWidget.entitlements */,
				2E8EBCF11F9009E9C095CF64 /* DayZeroWidget.swift */,
				5BB8D5E8C7B988D5BE1F7312 /* Info.plist */,
			);
			path = DayZeroWidget;
			sourceTree = "<group>";
		};
		E93BA581781C8F6052B4FC3C /* Products */ = {
			isa = PBXGroup;
			children = (
				5C37FC7DE44DBB6A88455E50 /* DayZero.app */,
				ED9EC3436E3351B57BAEC254 /* DayZeroWidget.appex */,
			);
			name = Products;
			sourceTree = "<group>";
		};
/* End PBXGroup section */

/* Begin PBXNativeTarget section */
		185B9BD1F8BB087C1B328B8A /* DayZeroWidget */ = {
			isa = PBXNativeTarget;
			buildConfigurationList = 135CA0E90D88B26BA9E5652A /* Build configuration list for PBXNativeTarget "DayZeroWidget" */;
			buildPhases = (
				E2E02FABE4F36B1022AD7F42 /* Sources */,
			);
			buildRules = (
			);
			dependencies = (
			);
			name = DayZeroWidget;
			packageProductDependencies = (
			);
			productName = DayZeroWidget;
			productReference = ED9EC3436E3351B57BAEC254 /* DayZeroWidget.appex */;
			productType = "com.apple.product-type.app-extension";
		};
		DE0E2F8C4CA5D992A203ADAB /* DayZero */ = {
			isa = PBXNativeTarget;
			buildConfigurationList = F8B2D3ED99380508F78DD891 /* Build configuration list for PBXNativeTarget "DayZero" */;
			buildPhases = (
				40885336DBD333B1D22DEA86 /* Sources */,
				A522B859F8AA22530F0E8CCE /* Resources */,
				1EDF83088557350384E20113 /* Embed Foundation Extensions */,
			);
			buildRules = (
			);
			dependencies = (
				F70D0E868E109986E564B8C4 /* PBXTargetDependency */,
			);
			name = DayZero;
			packageProductDependencies = (
			);
			productName = DayZero;
			productReference = 5C37FC7DE44DBB6A88455E50 /* DayZero.app */;
			productType = "com.apple.product-type.application";
		};
/* End PBXNativeTarget section */

/* Begin PBXProject section */
		F4299FB4799A821DD5541967 /* Project object */ = {
			isa = PBXProject;
			attributes = {
				BuildIndependentTargetsInParallel = YES;
				LastUpgradeCheck = 1430;
				TargetAttributes = {
					185B9BD1F8BB087C1B328B8A = {
						DevelopmentTeam = ZS89AATCJ2;
						ProvisioningStyle = Automatic;
					};
					DE0E2F8C4CA5D992A203ADAB = {
						DevelopmentTeam = ZS89AATCJ2;
						ProvisioningStyle = Automatic;
					};
				};
			};
			buildConfigurationList = 22E459613DF7B9D4FB658B09 /* Build configuration list for PBXProject "DayZero" */;
			developmentRegion = en;
			hasScannedForEncodings = 0;
			knownRegions = (
				Base,
				en,
			);
			mainGroup = 0774C7FF66D7EE301EBE479E;
			minimizedProjectReferenceProxies = 1;
			preferredProjectObjectVersion = 77;
			productRefGroup = E93BA581781C8F6052B4FC3C /* Products */;
			projectDirPath = "";
			projectReferences = (
				{
					ProductGroup = 4179133D2FAEA4E10094486E /* Products */;
					ProjectRef = BEF9C040CAD5A738DCAD9360 /* DayZero.xcodeproj */;
				},
			);
			projectRoot = "";
			targets = (
				DE0E2F8C4CA5D992A203ADAB /* DayZero */,
				185B9BD1F8BB087C1B328B8A /* DayZeroWidget */,
			);
		};
/* End PBXProject section */

/* Begin PBXResourcesBuildPhase section */
		A522B859F8AA22530F0E8CCE /* Resources */ = {
			isa = PBXResourcesBuildPhase;
			buildActionMask = 2147483647;
			files = (
				6818C9C2BD31C563E4DF57DF /* Assets.xcassets in Resources */,
				8570406A8FB3FB36D53B1280 /* DayZero.xcodeproj in Resources */,
				10D8429B74C426C2CF9F8260 /* Store.storekit in Resources */,
			);
			runOnlyForDeploymentPostprocessing = 0;
		};
/* End PBXResourcesBuildPhase section */

/* Begin PBXSourcesBuildPhase section */
		40885336DBD333B1D22DEA86 /* Sources */ = {
			isa = PBXSourcesBuildPhase;
			buildActionMask = 2147483647;
			files = (
				9610AADA84F029A71650D07C /* AddEventSheet.swift in Sources */,
				F050A46BBB46582C30789E54 /* AgenticNotificationManager.swift in Sources */,
				8E0F57544AA66F58834EAA4F /* AntigravityStyles.swift in Sources */,
				E5BFFDBB109FECA0EF8DB302 /* CameraPicker.swift in Sources */,
				C74023A9EFD38E9A17EA59F6 /* ContentView.swift in Sources */,
				3954783FCCA3122AFFB1DE8A /* DayEvent.swift in Sources */,
				C7B4A9C55F3B3863EEC2B01F /* DayZeroApp.swift in Sources */,
				5F4F6A2602C97105D56F02B7 /* DayZeroAttributes.swift in Sources */,
				E45A69E8EB3E7F6C10D09EAE /* EventCardView.swift in Sources */,
				DF3DFD1C062B228D16A3C455 /* EventDetailView.swift in Sources */,
				D4EEC0A11ADADD02A4B31D0F /* EventTask.swift in Sources */,
				35B6A60486D7B49DD6E55572 /* GlassmorphicEffect.swift in Sources */,
				FAE4FDB60D211977E6639846 /* LiveActivityManager.swift in Sources */,
				AD00BD990F4B8A182AA5A98C /* MediaManager.swift in Sources */,
				D0FD08D869169DD307FCE8AC /* PaywallView.swift in Sources */,
				85BEE5DA3B7D7DEE6CD21E47 /* ShareHelper.swift in Sources */,
				14CFCA84BC873E9637CDE653 /* StoreKitManager.swift in Sources */,
				51506BA089F696C1BB2B3D55 /* Theme.swift in Sources */,
			);
			runOnlyForDeploymentPostprocessing = 0;
		};
		E2E02FABE4F36B1022AD7F42 /* Sources */ = {
			isa = PBXSourcesBuildPhase;
			buildActionMask = 2147483647;
			files = (
				B5344F35F683131504D0A12D /* DayEvent.swift in Sources */,
				B77EBF976CF759403AFCC57B /* DayZeroAttributes.swift in Sources */,
				08DD2E9615AB1ED0D0F93F2B /* DayZeroWidget.swift in Sources */,
				0F7C5D879FEFC3DB58AAEEEF /* EventTask.swift in Sources */,
				4597F257394D7102CDE9D62D /* Theme.swift in Sources */,
			);
			runOnlyForDeploymentPostprocessing = 0;
		};
/* End PBXSourcesBuildPhase section */

/* Begin PBXTargetDependency section */
		F70D0E868E109986E564B8C4 /* PBXTargetDependency */ = {
			isa = PBXTargetDependency;
			target = 185B9BD1F8BB087C1B328B8A /* DayZeroWidget */;
			targetProxy = 13332959AA5C0A0D27CCDC8A /* PBXContainerItemProxy */;
		};
/* End PBXTargetDependency section */

/* Begin XCBuildConfiguration section */
		79FD7D042989A279D1C7BCC6 /* Debug */ = {
			isa = XCBuildConfiguration;
			buildSettings = {
				ASSETCATALOG_COMPILER_APPICON_NAME = AppIcon;
				CODE_SIGN_ENTITLEMENTS = DayZero.entitlements;
				CODE_SIGN_IDENTITY = "iPhone Developer";
				CODE_SIGN_STYLE = Automatic;
				DEVELOPMENT_TEAM = ZS89AATCJ2;
				INFOPLIST_FILE = Info.plist;
				IPHONEOS_DEPLOYMENT_TARGET = 17.0;
				LD_RUNPATH_SEARCH_PATHS = (
					"$(inherited)",
					"@executable_path/Frameworks",
				);
				PRODUCT_BUNDLE_IDENTIFIER = com.dayzero.DayZero;
				SDKROOT = iphoneos;
				TARGETED_DEVICE_FAMILY = "1,2";
			};
			name = Debug;
		};
		7C29CBB1308C26C63AF01FD2 /* Debug */ = {
			isa = XCBuildConfiguration;
			buildSettings = {
				CODE_SIGN_ENTITLEMENTS = DayZeroWidget/DayZeroWidget.entitlements;
				CODE_SIGN_STYLE = Automatic;
				DEVELOPMENT_TEAM = ZS89AATCJ2;
				INFOPLIST_FILE = DayZeroWidget/Info.plist;
				IPHONEOS_DEPLOYMENT_TARGET = 17.0;
				LD_RUNPATH_SEARCH_PATHS = (
					"$(inherited)",
					"@executable_path/Frameworks",
					"@executable_path/../../Frameworks",
				);
				PRODUCT_BUNDLE_IDENTIFIER = com.dayzero.DayZero.DayZeroWidget;
				SDKROOT = iphoneos;
				TARGETED_DEVICE_FAMILY = "1,2";
			};
			name = Debug;
		};
		80555E63C19B520FB82B2A19 /* Debug */ = {
			isa = XCBuildConfiguration;
			buildSettings = {
				ALWAYS_SEARCH_USER_PATHS = NO;
				CLANG_ANALYZER_NONNULL = YES;
				CLANG_ANALYZER_NUMBER_OBJECT_CONVERSION = YES_AGGRESSIVE;
				CLANG_CXX_LANGUAGE_STANDARD = "gnu++14";
				CLANG_CXX_LIBRARY = "libc++";
				CLANG_ENABLE_MODULES = YES;
				CLANG_ENABLE_OBJC_ARC = YES;
				CLANG_ENABLE_OBJC_WEAK = YES;
				CLANG_WARN_BLOCK_CAPTURE_AUTORELEASING = YES;
				CLANG_WARN_BOOL_CONVERSION = YES;
				CLANG_WARN_COMMA = YES;
				CLANG_WARN_CONSTANT_CONVERSION = YES;
				CLANG_WARN_DEPRECATED_OBJC_IMPLEMENTATIONS = YES;
				CLANG_WARN_DIRECT_OBJC_ISA_USAGE = YES_ERROR;
				CLANG_WARN_DOCUMENTATION_COMMENTS = YES;
				CLANG_WARN_EMPTY_BODY = YES;
				CLANG_WARN_ENUM_CONVERSION = YES;
				CLANG_WARN_INFINITE_RECURSION = YES;
				CLANG_WARN_INT_CONVERSION = YES;
				CLANG_WARN_NON_LITERAL_NULL_CONVERSION = YES;
				CLANG_WARN_OBJC_IMPLICIT_RETAIN_SELF = YES;
				CLANG_WARN_OBJC_LITERAL_CONVERSION = YES;
				CLANG_WARN_OBJC_ROOT_CLASS = YES_ERROR;
				CLANG_WARN_QUOTED_INCLUDE_IN_FRAMEWORK_HEADER = YES;
				CLANG_WARN_RANGE_LOOP_ANALYSIS = YES;
				CLANG_WARN_STRICT_PROTOTYPES = YES;
				CLANG_WARN_SUSPICIOUS_MOVE = YES;
				CLANG_WARN_UNGUARDED_AVAILABILITY = YES_AGGRESSIVE;
				CLANG_WARN_UNREACHABLE_CODE = YES;
				CLANG_WARN__DUPLICATE_METHOD_MATCH = YES;
				COPY_PHASE_STRIP = NO;
				DEBUG_INFORMATION_FORMAT = dwarf;
				ENABLE_STRICT_OBJC_MSGSEND = YES;
				ENABLE_TESTABILITY = YES;
				GCC_C_LANGUAGE_STANDARD = gnu11;
				GCC_DYNAMIC_NO_PIC = NO;
				GCC_NO_COMMON_BLOCKS = YES;
				GCC_OPTIMIZATION_LEVEL = 0;
				GCC_PREPROCESSOR_DEFINITIONS = (
					"$(inherited)",
					"DEBUG=1",
				);
				GCC_WARN_64_TO_32_BIT_CONVERSION = YES;
				GCC_WARN_ABOUT_RETURN_TYPE = YES_ERROR;
				GCC_WARN_UNDECLARED_SELECTOR = YES;
				GCC_WARN_UNINITIALIZED_AUTOS = YES_AGGRESSIVE;
				GCC_WARN_UNUSED_FUNCTION = YES;
				GCC_WARN_UNUSED_VARIABLE = YES;
				MTL_ENABLE_DEBUG_INFO = INCLUDE_SOURCE;
				MTL_FAST_MATH = YES;
				ONLY_ACTIVE_ARCH = YES;
				PRODUCT_NAME = "$(TARGET_NAME)";
				SDKROOT = iphoneos;
				SWIFT_ACTIVE_COMPILATION_CONDITIONS = DEBUG;
				SWIFT_OPTIMIZATION_LEVEL = "-Onone";
				SWIFT_VERSION = 5.0;
			};
			name = Debug;
		};
		A1DAA2F8DE7AF5309AAAD371 /* Release */ = {
			isa = XCBuildConfiguration;
			buildSettings = {
				ASSETCATALOG_COMPILER_APPICON_NAME = AppIcon;
				CODE_SIGN_ENTITLEMENTS = DayZero.entitlements;
				CODE_SIGN_IDENTITY = "iPhone Developer";
				CODE_SIGN_STYLE = Automatic;
				DEVELOPMENT_TEAM = ZS89AATCJ2;
				INFOPLIST_FILE = Info.plist;
				IPHONEOS_DEPLOYMENT_TARGET = 17.0;
				LD_RUNPATH_SEARCH_PATHS = (
					"$(inherited)",
					"@executable_path/Frameworks",
				);
				PRODUCT_BUNDLE_IDENTIFIER = com.dayzero.DayZero;
				SDKROOT = iphoneos;
				TARGETED_DEVICE_FAMILY = "1,2";
			};
			name = Release;
		};
		BD2A54C50EE22E8DA5F78A6D /* Release */ = {
			isa = XCBuildConfiguration;
			buildSettings = {
				CODE_SIGN_ENTITLEMENTS = DayZeroWidget/DayZeroWidget.entitlements;
				CODE_SIGN_STYLE = Automatic;
				DEVELOPMENT_TEAM = ZS89AATCJ2;
				INFOPLIST_FILE = DayZeroWidget/Info.plist;
				IPHONEOS_DEPLOYMENT_TARGET = 17.0;
				LD_RUNPATH_SEARCH_PATHS = (
					"$(inherited)",
					"@executable_path/Frameworks",
					"@executable_path/../../Frameworks",
				);
				PRODUCT_BUNDLE_IDENTIFIER = com.dayzero.DayZero.DayZeroWidget;
				SDKROOT = iphoneos;
				TARGETED_DEVICE_FAMILY = "1,2";
			};
			name = Release;
		};
		D77E41D11D1052359BEFDEB4 /* Release */ = {
			isa = XCBuildConfiguration;
			buildSettings = {
				ALWAYS_SEARCH_USER_PATHS = NO;
				CLANG_ANALYZER_NONNULL = YES;
				CLANG_ANALYZER_NUMBER_OBJECT_CONVERSION = YES_AGGRESSIVE;
				CLANG_CXX_LANGUAGE_STANDARD = "gnu++14";
				CLANG_CXX_LIBRARY = "libc++";
				CLANG_ENABLE_MODULES = YES;
				CLANG_ENABLE_OBJC_ARC = YES;
				CLANG_ENABLE_OBJC_WEAK = YES;
				CLANG_WARN_BLOCK_CAPTURE_AUTORELEASING = YES;
				CLANG_WARN_BOOL_CONVERSION = YES;
				CLANG_WARN_COMMA = YES;
				CLANG_WARN_CONSTANT_CONVERSION = YES;
				CLANG_WARN_DEPRECATED_OBJC_IMPLEMENTATIONS = YES;
				CLANG_WARN_DIRECT_OBJC_ISA_USAGE = YES_ERROR;
				CLANG_WARN_DOCUMENTATION_COMMENTS = YES;
				CLANG_WARN_EMPTY_BODY = YES;
				CLANG_WARN_ENUM_CONVERSION = YES;
				CLANG_WARN_INFINITE_RECURSION = YES;
				CLANG_WARN_INT_CONVERSION = YES;
				CLANG_WARN_NON_LITERAL_NULL_CONVERSION = YES;
				CLANG_WARN_OBJC_IMPLICIT_RETAIN_SELF = YES;
				CLANG_WARN_OBJC_LITERAL_CONVERSION = YES;
				CLANG_WARN_OBJC_ROOT_CLASS = YES_ERROR;
				CLANG_WARN_QUOTED_INCLUDE_IN_FRAMEWORK_HEADER = YES;
				CLANG_WARN_RANGE_LOOP_ANALYSIS = YES;
				CLANG_WARN_STRICT_PROTOTYPES = YES;
				CLANG_WARN_SUSPICIOUS_MOVE = YES;
				CLANG_WARN_UNGUARDED_AVAILABILITY = YES_AGGRESSIVE;
				CLANG_WARN_UNREACHABLE_CODE = YES;
				CLANG_WARN__DUPLICATE_METHOD_MATCH = YES;
				COPY_PHASE_STRIP = NO;
				DEBUG_INFORMATION_FORMAT = "dwarf-with-dsym";
				ENABLE_NS_ASSERTIONS = NO;
				ENABLE_STRICT_OBJC_MSGSEND = YES;
				GCC_C_LANGUAGE_STANDARD = gnu11;
				GCC_NO_COMMON_BLOCKS = YES;
				GCC_WARN_64_TO_32_BIT_CONVERSION = YES;
				GCC_WARN_ABOUT_RETURN_TYPE = YES_ERROR;
				GCC_WARN_UNDECLARED_SELECTOR = YES;
				GCC_WARN_UNINITIALIZED_AUTOS = YES_AGGRESSIVE;
				GCC_WARN_UNUSED_FUNCTION = YES;
				GCC_WARN_UNUSED_VARIABLE = YES;
				MTL_ENABLE_DEBUG_INFO = NO;
				MTL_FAST_MATH = YES;
				PRODUCT_NAME = "$(TARGET_NAME)";
				SDKROOT = iphoneos;
				SWIFT_COMPILATION_MODE = wholemodule;
				SWIFT_OPTIMIZATION_LEVEL = "-O";
				SWIFT_VERSION = 5.0;
			};
			name = Release;
		};
/* End XCBuildConfiguration section */

/* Begin XCConfigurationList section */
		135CA0E90D88B26BA9E5652A /* Build configuration list for PBXNativeTarget "DayZeroWidget" */ = {
			isa = XCConfigurationList;
			buildConfigurations = (
				7C29CBB1308C26C63AF01FD2 /* Debug */,
				BD2A54C50EE22E8DA5F78A6D /* Release */,
			);
			defaultConfigurationIsVisible = 0;
			defaultConfigurationName = Debug;
		};
		22E459613DF7B9D4FB658B09 /* Build configuration list for PBXProject "DayZero" */ = {
			isa = XCConfigurationList;
			buildConfigurations = (
				80555E63C19B520FB82B2A19 /* Debug */,
				D77E41D11D1052359BEFDEB4 /* Release */,
			);
			defaultConfigurationIsVisible = 0;
			defaultConfigurationName = Debug;
		};
		F8B2D3ED99380508F78DD891 /* Build configuration list for PBXNativeTarget "DayZero" */ = {
			isa = XCConfigurationList;
			buildConfigurations = (
				79FD7D042989A279D1C7BCC6 /* Debug */,
				A1DAA2F8DE7AF5309AAAD371 /* Release */,
			);
			defaultConfigurationIsVisible = 0;
			defaultConfigurationName = Debug;
		};
/* End XCConfigurationList section */
	};
	rootObject = F4299FB4799A821DD5541967 /* Project object */;
}
